
Microsoft Visual Studio Solution File, Format Version 12.00
# Visual Studio Version 16
VisualStudioVersion = 16.0.30128.74
MinimumVisualStudioVersion = 10.0.40219.1
Project("{FAE04EC0-301F-11D3-BF4B-00C04F79EFBC}") = "Breakfast", "Breakfast\Breakfast.csproj", "{6AA41E88-54D9-459E-8A2D-4FA8D916F1B1}"
EndProject
Project("{FAE04EC0-301F-11D3-BF4B-00C04F79EFBC}") = "BreakfastTest", "BreakfastTest\BreakfastTest.csproj", "{F4D93FF2-92DD-4162-91BA-D24DE0BF58F3}"
EndProject
Project("{9A19103F-16F7-4668-BE54-9A1E7A4F7556}") = "Util", "..\Util\Util\Util.csproj", "{E7FC8396-4D5B-4E5E-A108-30156EEF7DE7}"
EndProject
Global
	GlobalSection(SolutionConfigurationPlatforms) = preSolution
		Debug|Any CPU = Debug|Any CPU
		Release|Any CPU = Release|Any CPU
	EndGlobalSection
	GlobalSection(ProjectConfigurationPlatforms) = postSolution
		{6AA41E88-54D9-459E-8A2D-4FA8D916F1B1}.Debug|Any CPU.ActiveCfg = Debug|Any CPU
		{6AA41E88-54D9-459E-8A2D-4FA8D916F1B1}.Debug|Any CPU.Build.0 = Debug|Any CPU
		{6AA41E88-54D9-459E-8A2D-4FA8D916F1B1}.Release|Any CPU.ActiveCfg = Release|Any CPU
		{6AA41E88-54D9-459E-8A2D-4FA8D916F1B1}.Release|Any CPU.Build.0 = Release|Any CPU
		{F4D93FF2-92DD-4162-91BA-D24DE0BF58F3}.Debug|Any CPU.ActiveCfg = Debug|Any CPU
		{F4D93FF2-92DD-4162-91BA-D24DE0BF58F3}.Debug|Any CPU.Build.0 = Debug|Any CPU
		{F4D93FF2-92DD-4162-91BA-D24DE0BF58F3}.Release|Any CPU.ActiveCfg = Release|Any CPU
		{F4D93FF2-92DD-4162-91BA-D24DE0BF58F3}.Release|Any CPU.Build.0 = Release|Any CPU
		{E7FC8396-4D5B-4E5E-A108-30156EEF7DE7}.Debug|Any CPU.ActiveCfg = Debug|Any CPU
		{E7FC8396-4D5B-4E5E-A108-30156EEF7DE7}.Debug|Any CPU.Build.0 = Debug|Any CPU
		{E7FC8396-4D5B-4E5E-A108-30156EEF7DE7}.Release|Any CPU.ActiveCfg = Release|Any CPU
		{E7FC8396-4D5B-4E5E-A108-30156EEF7DE7}.Release|Any CPU.Build.0 = Release|Any CPU
	EndGlobalSection
	GlobalSection(SolutionProperties) = preSolution
		HideSolutionNode = FALSE
	EndGlobalSection
	GlobalSection(ExtensibilityGlobals) = postSolution
		SolutionGuid = {7DF2A47B-C49E-40A2-A9B3-F14B4A6D089D}
	EndGlobalSection
EndGlobal
