
Microsoft Visual Studio Solution File, Format Version 12.00
# Visual Studio Version 16
VisualStudioVersion = 16.0.30204.135
MinimumVisualStudioVersion = 10.0.40219.1
Project("{FAE04EC0-301F-11D3-BF4B-00C04F79EFBC}") = "TreeViewDeparment", "TreeViewDeparment\TreeViewDeparment.csproj", "{A49DCE64-BD14-4EF0-A187-5A87F0766688}"
EndProject
Project("{FAE04EC0-301F-11D3-BF4B-00C04F79EFBC}") = "DepartmentController", "DepartmentController\DepartmentController.csproj", "{3D7BFB57-F93E-4CEE-9F3E-50B164D4D468}"
EndProject
Project("{FAE04EC0-301F-11D3-BF4B-00C04F79EFBC}") = "DeparmentData", "DeparmentData\DeparmentData.csproj", "{C6826440-4D3D-440C-BED3-065F53FC1F7B}"
EndProject
Global
	GlobalSection(SolutionConfigurationPlatforms) = preSolution
		Debug|Any CPU = Debug|Any CPU
		Release|Any CPU = Release|Any CPU
	EndGlobalSection
	GlobalSection(ProjectConfigurationPlatforms) = postSolution
		{A49DCE64-BD14-4EF0-A187-5A87F0766688}.Debug|Any CPU.ActiveCfg = Debug|Any CPU
		{A49DCE64-BD14-4EF0-A187-5A87F0766688}.Debug|Any CPU.Build.0 = Debug|Any CPU
		{A49DCE64-BD14-4EF0-A187-5A87F0766688}.Release|Any CPU.ActiveCfg = Release|Any CPU
		{A49DCE64-BD14-4EF0-A187-5A87F0766688}.Release|Any CPU.Build.0 = Release|Any CPU
		{3D7BFB57-F93E-4CEE-9F3E-50B164D4D468}.Debug|Any CPU.ActiveCfg = Debug|Any CPU
		{3D7BFB57-F93E-4CEE-9F3E-50B164D4D468}.Debug|Any CPU.Build.0 = Debug|Any CPU
		{3D7BFB57-F93E-4CEE-9F3E-50B164D4D468}.Release|Any CPU.ActiveCfg = Release|Any CPU
		{3D7BFB57-F93E-4CEE-9F3E-50B164D4D468}.Release|Any CPU.Build.0 = Release|Any CPU
		{C6826440-4D3D-440C-BED3-065F53FC1F7B}.Debug|Any CPU.ActiveCfg = Debug|Any CPU
		{C6826440-4D3D-440C-BED3-065F53FC1F7B}.Debug|Any CPU.Build.0 = Debug|Any CPU
		{C6826440-4D3D-440C-BED3-065F53FC1F7B}.Release|Any CPU.ActiveCfg = Release|Any CPU
		{C6826440-4D3D-440C-BED3-065F53FC1F7B}.Release|Any CPU.Build.0 = Release|Any CPU
	EndGlobalSection
	GlobalSection(SolutionProperties) = preSolution
		HideSolutionNode = FALSE
	EndGlobalSection
	GlobalSection(ExtensibilityGlobals) = postSolution
		SolutionGuid = {732D9E85-8319-42DA-9537-1BD20F7600D0}
	EndGlobalSection
EndGlobal
